{
  "lockfileVersion": 1,
  "configVersion": 0,
  "workspaces": {
    "": {
      "name": "bysquare",
      "dependencies": {
        "lzma1": "latest",
        "validator": "latest",
      },
      "devDependencies": {
        "@types/bun": "latest",
        "@types/node": "latest",
        "@types/validator": "latest",
        "dprint": "latest",
        "typescript": "latest",
      },
    },
  },
  "packages": {
    "@dprint/darwin-arm64": ["@dprint/darwin-arm64@0.53.2", "", { "os": "darwin", "cpu": "arm64" }, "sha512-ecKRF+mFE59layJPpX5AnYN7a9XNovX3f5QlPSdr+BmweoarOV2ieODyJklD5Tob9WiMv8jQyXYak5QH7fxByg=="],

    "@dprint/darwin-x64": ["@dprint/darwin-x64@0.53.2", "", { "os": "darwin", "cpu": "x64" }, "sha512-sHe7bsPU9BXnBPovjsq+98S1g64W7ZhyfGKMSVMTwP1BCL+IqOltfd5p7xTvAaRkL8cwRzqPYlj+kmCf24Qydw=="],

    "@dprint/linux-arm64-glibc": ["@dprint/linux-arm64-glibc@0.53.2", "", { "os": "linux", "cpu": "arm64" }, "sha512-K0aj5bLtPlSsTDAtLwEjwDGPIVpc8lgmvpLzf6IdASJn1kMkowPoZSCNUvmUUJTTmANscMugLsi9XGVbBzkE6Q=="],

    "@dprint/linux-arm64-musl": ["@dprint/linux-arm64-musl@0.53.2", "", { "os": "linux", "cpu": "arm64" }, "sha512-209yb6BGMiohPuB12wgnodULEs3JC1epLaHyN5s2XpDU7rWi6WqWkzeSuuN2TTAbDz4Z51tqe5KJSRsF0yi+Dg=="],

    "@dprint/linux-loong64-glibc": ["@dprint/linux-loong64-glibc@0.53.2", "", { "os": "linux", "cpu": "none" }, "sha512-IngXJ6c7n/DYd2j1CssLHqxtGILMv0BEQZplx8kIYedGyVbzLSxJu7XpqgThnCuLQjh4elfRkT67Q8g7l//m0Q=="],

    "@dprint/linux-loong64-musl": ["@dprint/linux-loong64-musl@0.53.2", "", { "os": "linux", "cpu": "none" }, "sha512-ExtcNOjSbXgpoWw5efAO00xYTOlEsEyz58v/HPJzEV5tfn9J7vozSVxTdXLDkTgg+USEQLaZ9qTnXxc1kbraiQ=="],

    "@dprint/linux-riscv64-glibc": ["@dprint/linux-riscv64-glibc@0.53.2", "", { "os": "linux", "cpu": "none" }, "sha512-2UTqXMkIhyK7rYdpBY7tE3x1R36msWjX3lU3MdYM9HauldnsHJx2EhZofIYzHBICH8eziw/W7aY8HWo4oLdJ/A=="],

    "@dprint/linux-x64-glibc": ["@dprint/linux-x64-glibc@0.53.2", "", { "os": "linux", "cpu": "x64" }, "sha512-hO4O7d20IALUCFbFG2H7kvP5Di3/G8fqrMXzX9Fdps4ccM4Kg3Cr9LZ/G+mif4Q9WwwUnkOJ0oXBxeqJ8S65ng=="],

    "@dprint/linux-x64-musl": ["@dprint/linux-x64-musl@0.53.2", "", { "os": "linux", "cpu": "x64" }, "sha512-XHqYE5nFz1s5Z2J1E9j8JYHE4ISp5KCfaYT7fs4lW14G2B8U/CtutUGWzvP5aYRGfLc6CYGrWgKAQppn846vUQ=="],

    "@dprint/win32-arm64": ["@dprint/win32-arm64@0.53.2", "", { "os": "win32", "cpu": "arm64" }, "sha512-Z8N2iwhFN91wK0SlR+oGHGF8rrwOw7BiZTAKwR8E7Fr2lKSTsjbRv3Nr1znk2pHkmRyZ1/6PwzTiVF5sSZcIXQ=="],

    "@dprint/win32-x64": ["@dprint/win32-x64@0.53.2", "", { "os": "win32", "cpu": "x64" }, "sha512-xdOOm4ZG9pqKdnVvgFMp8/c9Ylkt2LcTFqjmxF1CoCZNNYGMUrH60YQl/M9R9wJXSSQOv6K+7Ub+hOWcIlxIjw=="],

    "@types/bun": ["@types/bun@1.3.11", "", { "dependencies": { "bun-types": "1.3.11" } }, "sha512-5vPne5QvtpjGpsGYXiFyycfpDF2ECyPcTSsFBMa0fraoxiQyMJ3SmuQIGhzPg2WJuWxVBoxWJ2kClYTcw/4fAg=="],

    "@types/node": ["@types/node@25.5.2", "", { "dependencies": { "undici-types": "~7.18.0" } }, "sha512-tO4ZIRKNC+MDWV4qKVZe3Ql/woTnmHDr5JD8UI5hn2pwBrHEwOEMZK7WlNb5RKB6EoJ02gwmQS9OrjuFnZYdpg=="],

    "@types/validator": ["@types/validator@13.15.10", "", {}, ""],

    "bun-types": ["bun-types@1.3.11", "", { "dependencies": { "@types/node": "*" } }, "sha512-1KGPpoxQWl9f6wcZh57LvrPIInQMn2TQ7jsgxqpRzg+l0QPOFvJVH7HmvHo/AiPgwXy+/Thf6Ov3EdVn1vOabg=="],

    "dprint": ["dprint@0.53.2", "", { "optionalDependencies": { "@dprint/darwin-arm64": "0.53.2", "@dprint/darwin-x64": "0.53.2", "@dprint/linux-arm64-glibc": "0.53.2", "@dprint/linux-arm64-musl": "0.53.2", "@dprint/linux-loong64-glibc": "0.53.2", "@dprint/linux-loong64-musl": "0.53.2", "@dprint/linux-riscv64-glibc": "0.53.2", "@dprint/linux-x64-glibc": "0.53.2", "@dprint/linux-x64-musl": "0.53.2", "@dprint/win32-arm64": "0.53.2", "@dprint/win32-x64": "0.53.2" }, "bin": { "dprint": "bin.cjs" } }, "sha512-3uF+X66vm3UmDG5tbBKUAyetc/FsBn+2fswfVzFlbrIlE2l0BgwRLEssYqW/o93lYn6A39i3lP2+wHA4B+usDg=="],

    "lzma1": ["lzma1@0.2.0", "", {}, ""],

    "typescript": ["typescript@6.0.2", "", { "bin": { "tsc": "bin/tsc", "tsserver": "bin/tsserver" } }, "sha512-bGdAIrZ0wiGDo5l8c++HWtbaNCWTS4UTv7RaTH/ThVIgjkveJt83m74bBHMJkuCbslY8ixgLBVZJIOiQlQTjfQ=="],

    "undici-types": ["undici-types@7.18.2", "", {}, ""],

    "validator": ["validator@13.15.35", "", {}, "sha512-TQ5pAGhd5whStmqWvYF4OjQROlmv9SMFVt37qoCBdqRffuuklWYQlCNnEs2ZaIBD1kZRNnikiZOS1eqgkar0iw=="],
  }
}
