{
	"name": "bysquare",
	"version": "3.2.0",
	"lockfileVersion": 3,
	"requires": true,
	"packages": {
		"": {
			"name": "bysquare",
			"version": "3.2.0",
			"license": "Apache-2.0",
			"dependencies": {
				"lzma1": "0.2.0",
				"validator": "^13.15.26"
			},
			"bin": {
				"bysquare": "lib/cli.js"
			},
			"devDependencies": {
				"@types/bun": "latest",
				"@types/node": "latest",
				"@types/validator": "^13.15.10",
				"dprint": "~0.52.0",
				"typescript": "~5.9.3"
			},
			"funding": {
				"url": "https://github.com/sponsors/xseman"
			}
		},
		"node_modules/@dprint/linux-x64-glibc": {
			"version": "0.52.0",
			"cpu": [
				"x64"
			],
			"dev": true,
			"license": "MIT",
			"optional": true,
			"os": [
				"linux"
			]
		},
		"node_modules/@dprint/linux-x64-musl": {
			"version": "0.52.0",
			"cpu": [
				"x64"
			],
			"dev": true,
			"license": "MIT",
			"optional": true,
			"os": [
				"linux"
			]
		},
		"node_modules/@types/bun": {
			"version": "1.3.10",
			"resolved": "https://registry.npmjs.org/@types/bun/-/bun-1.3.10.tgz",
			"integrity": "sha512-0+rlrUrOrTSskibryHbvQkDOWRJwJZqZlxrUs1u4oOoTln8+WIXBPmAuCF35SWB2z4Zl3E84Nl/D0P7803nigQ==",
			"dev": true,
			"license": "MIT",
			"dependencies": {
				"bun-types": "1.3.10"
			}
		},
		"node_modules/@types/node": {
			"version": "25.3.5",
			"resolved": "https://registry.npmjs.org/@types/node/-/node-25.3.5.tgz",
			"integrity": "sha512-oX8xrhvpiyRCQkG1MFchB09f+cXftgIXb3a7UUa4Y3wpmZPw5tyZGTLWhlESOLq1Rq6oDlc8npVU2/9xiCuXMA==",
			"dev": true,
			"license": "MIT",
			"dependencies": {
				"undici-types": "~7.18.0"
			}
		},
		"node_modules/@types/validator": {
			"version": "13.15.10",
			"dev": true,
			"license": "MIT"
		},
		"node_modules/bun-types": {
			"version": "1.3.10",
			"dev": true,
			"license": "MIT",
			"dependencies": {
				"@types/node": "*"
			}
		},
		"node_modules/dprint": {
			"version": "0.52.0",
			"dev": true,
			"hasInstallScript": true,
			"license": "MIT",
			"bin": {
				"dprint": "bin.js"
			},
			"optionalDependencies": {
				"@dprint/darwin-arm64": "0.52.0",
				"@dprint/darwin-x64": "0.52.0",
				"@dprint/linux-arm64-glibc": "0.52.0",
				"@dprint/linux-arm64-musl": "0.52.0",
				"@dprint/linux-loong64-glibc": "0.52.0",
				"@dprint/linux-loong64-musl": "0.52.0",
				"@dprint/linux-riscv64-glibc": "0.52.0",
				"@dprint/linux-x64-glibc": "0.52.0",
				"@dprint/linux-x64-musl": "0.52.0",
				"@dprint/win32-arm64": "0.52.0",
				"@dprint/win32-x64": "0.52.0"
			}
		},
		"node_modules/lzma1": {
			"version": "0.2.0",
			"license": "MIT",
			"funding": {
				"url": "https://github.com/sponsors/xseman"
			}
		},
		"node_modules/typescript": {
			"version": "5.9.3",
			"dev": true,
			"license": "Apache-2.0",
			"bin": {
				"tsc": "bin/tsc",
				"tsserver": "bin/tsserver"
			},
			"engines": {
				"node": ">=14.17"
			}
		},
		"node_modules/undici-types": {
			"version": "7.18.2",
			"dev": true,
			"license": "MIT"
		},
		"node_modules/validator": {
			"version": "13.15.26",
			"license": "MIT",
			"engines": {
				"node": ">= 0.10"
			}
		}
	}
}
