{
	"name": "bysquare",
	"version": "2.3.0",
	"lockfileVersion": 3,
	"requires": true,
	"packages": {
		"": {
			"name": "bysquare",
			"version": "2.3.0",
			"license": "Apache-2.0",
			"dependencies": {
				"crc-32": "~1.2.0",
				"lodash.deburr": "~4.1.0",
				"lzma1": "~0.0.1",
				"rfc4648": "~1.5.0"
			},
			"bin": {
				"bysquare": "lib/mjs/cli.js"
			},
			"devDependencies": {
				"@types/lodash.deburr": "~4.1.0",
				"@types/node": ">=16.14",
				"dprint": "~0.36.0",
				"tsx": "~3.12.0",
				"typescript": "~5.0.0",
				"xv": "~2.1.0"
			},
			"engines": {
				"node": ">=16.14",
				"npm": ">=7.0"
			},
			"funding": {
				"url": "https://github.com/sponsors/xseman"
			}
		},
		"node_modules/@esbuild-kit/cjs-loader": {
			"version": "2.4.2",
			"resolved": "https://registry.npmjs.org/@esbuild-kit/cjs-loader/-/cjs-loader-2.4.2.tgz",
			"integrity": "sha512-BDXFbYOJzT/NBEtp71cvsrGPwGAMGRB/349rwKuoxNSiKjPraNNnlK6MIIabViCjqZugu6j+xeMDlEkWdHHJSg==",
			"dev": true,
			"dependencies": {
				"@esbuild-kit/core-utils": "^3.0.0",
				"get-tsconfig": "^4.4.0"
			}
		},
		"node_modules/@esbuild-kit/core-utils": {
			"version": "3.1.0",
			"resolved": "https://registry.npmjs.org/@esbuild-kit/core-utils/-/core-utils-3.1.0.tgz",
			"integrity": "sha512-Uuk8RpCg/7fdHSceR1M6XbSZFSuMrxcePFuGgyvsBn+u339dk5OeL4jv2EojwTN2st/unJGsVm4qHWjWNmJ/tw==",
			"dev": true,
			"dependencies": {
				"esbuild": "~0.17.6",
				"source-map-support": "^0.5.21"
			}
		},
		"node_modules/@esbuild-kit/esm-loader": {
			"version": "2.5.5",
			"resolved": "https://registry.npmjs.org/@esbuild-kit/esm-loader/-/esm-loader-2.5.5.tgz",
			"integrity": "sha512-Qwfvj/qoPbClxCRNuac1Du01r9gvNOT+pMYtJDapfB1eoGN1YlJ1BixLyL9WVENRx5RXgNLdfYdx/CuswlGhMw==",
			"dev": true,
			"dependencies": {
				"@esbuild-kit/core-utils": "^3.0.0",
				"get-tsconfig": "^4.4.0"
			}
		},
		"node_modules/@esbuild/linux-x64": {
			"version": "0.17.9",
			"resolved": "https://registry.npmjs.org/@esbuild/linux-x64/-/linux-x64-0.17.9.tgz",
			"integrity": "sha512-jVa5NKqwBmq57aNDZOSnNuRTV5GrI93HdjTlyQyRrOs7OSEQq2r9NyaGd6KmzuxLz19XTanFt4WeGoLnjFT1Ug==",
			"cpu": [
				"x64"
			],
			"dev": true,
			"optional": true,
			"os": [
				"linux"
			],
			"engines": {
				"node": ">=12"
			}
		},
		"node_modules/@types/lodash": {
			"version": "4.14.191",
			"resolved": "https://registry.npmjs.org/@types/lodash/-/lodash-4.14.191.tgz",
			"integrity": "sha512-BdZ5BCCvho3EIXw6wUCXHe7rS53AIDPLE+JzwgT+OsJk53oBfbSmZZ7CX4VaRoN78N+TJpFi9QPlfIVNmJYWxQ==",
			"dev": true
		},
		"node_modules/@types/lodash.deburr": {
			"version": "4.1.7",
			"resolved": "https://registry.npmjs.org/@types/lodash.deburr/-/lodash.deburr-4.1.7.tgz",
			"integrity": "sha512-mEhqJ5z6W8eP1oAfPho8UKcycutVuWjMfRguktDLTk+9mn+bSdbN4uPfUtUbRNnxjGsYmRwwPThTtkwvnuU+Fg==",
			"dev": true,
			"dependencies": {
				"@types/lodash": "*"
			}
		},
		"node_modules/@types/node": {
			"version": "18.11.19",
			"resolved": "https://registry.npmjs.org/@types/node/-/node-18.11.19.tgz",
			"integrity": "sha512-YUgMWAQBWLObABqrvx8qKO1enAvBUdjZOAWQ5grBAkp5LQv45jBvYKZ3oFS9iKRCQyFjqw6iuEa1vmFqtxYLZw==",
			"dev": true
		},
		"node_modules/agent-base": {
			"version": "6.0.2",
			"resolved": "https://registry.npmjs.org/agent-base/-/agent-base-6.0.2.tgz",
			"integrity": "sha512-RZNwNclF7+MS/8bDg70amg32dyeZGZxiDuQmZxKLAlQjr3jGyLx+4Kkk58UO7D2QdgFIQCovuSuZESne6RG6XQ==",
			"dev": true,
			"dependencies": {
				"debug": "4"
			},
			"engines": {
				"node": ">= 6.0.0"
			}
		},
		"node_modules/buffer-crc32": {
			"version": "0.2.13",
			"resolved": "https://registry.npmjs.org/buffer-crc32/-/buffer-crc32-0.2.13.tgz",
			"integrity": "sha512-VO9Ht/+p3SN7SKWqcrgEzjGbRSJYTx+Q1pTQC0wrWqHx0vpJraQ6GtHx8tvcg1rlK1byhU5gccxgOgj7B0TDkQ==",
			"dev": true,
			"engines": {
				"node": "*"
			}
		},
		"node_modules/buffer-from": {
			"version": "1.1.2",
			"resolved": "https://registry.npmjs.org/buffer-from/-/buffer-from-1.1.2.tgz",
			"integrity": "sha512-E+XQCRwSbaaiChtv6k6Dwgc+bx+Bs6vuKJHHl5kox/BaKbhiXzqQOwK4cO22yElGp2OCmjwVhT3HmxgyPGnJfQ==",
			"dev": true
		},
		"node_modules/crc-32": {
			"version": "1.2.2",
			"resolved": "https://registry.npmjs.org/crc-32/-/crc-32-1.2.2.tgz",
			"integrity": "sha512-ROmzCKrTnOwybPcJApAA6WBWij23HVfGVNKqqrZpuyZOHqK2CwHSvpGuyt/UNNvaIjEd8X5IFGp4Mh+Ie1IHJQ==",
			"bin": {
				"crc32": "bin/crc32.njs"
			},
			"engines": {
				"node": ">=0.8"
			}
		},
		"node_modules/debug": {
			"version": "4.3.4",
			"resolved": "https://registry.npmjs.org/debug/-/debug-4.3.4.tgz",
			"integrity": "sha512-PRWFHuSU3eDtQJPvnNY7Jcket1j0t5OuOsFzPPzsekD52Zl8qUfFIPEiswXqIvHWGVHOgX+7G/vCNNhehwxfkQ==",
			"dev": true,
			"dependencies": {
				"ms": "2.1.2"
			},
			"engines": {
				"node": ">=6.0"
			},
			"peerDependenciesMeta": {
				"supports-color": {
					"optional": true
				}
			}
		},
		"node_modules/dprint": {
			"version": "0.36.0",
			"resolved": "https://registry.npmjs.org/dprint/-/dprint-0.36.0.tgz",
			"integrity": "sha512-41+02e7PbYNJLF4TWAWPwdCal9bcrJQaN1sCa7mco3uG3HMUee4v9jTEms9x6S93rUFFO2R5wcVUQDO9+jvFig==",
			"dev": true,
			"hasInstallScript": true,
			"dependencies": {
				"https-proxy-agent": "=5.0.1",
				"yauzl": "=2.10.0"
			},
			"bin": {
				"dprint": "bin.js"
			}
		},
		"node_modules/esbuild": {
			"version": "0.17.9",
			"resolved": "https://registry.npmjs.org/esbuild/-/esbuild-0.17.9.tgz",
			"integrity": "sha512-m3b2MR76QkwKPw/KQBlBJVaIncfQhhXsDMCFPoyqEOIziV+O7BAKqOYT1NbHsnFUX0/98CLWxUfM5stzh4yq4Q==",
			"dev": true,
			"hasInstallScript": true,
			"bin": {
				"esbuild": "bin/esbuild"
			},
			"engines": {
				"node": ">=12"
			},
			"optionalDependencies": {
				"@esbuild/android-arm": "0.17.9",
				"@esbuild/android-arm64": "0.17.9",
				"@esbuild/android-x64": "0.17.9",
				"@esbuild/darwin-arm64": "0.17.9",
				"@esbuild/darwin-x64": "0.17.9",
				"@esbuild/freebsd-arm64": "0.17.9",
				"@esbuild/freebsd-x64": "0.17.9",
				"@esbuild/linux-arm": "0.17.9",
				"@esbuild/linux-arm64": "0.17.9",
				"@esbuild/linux-ia32": "0.17.9",
				"@esbuild/linux-loong64": "0.17.9",
				"@esbuild/linux-mips64el": "0.17.9",
				"@esbuild/linux-ppc64": "0.17.9",
				"@esbuild/linux-riscv64": "0.17.9",
				"@esbuild/linux-s390x": "0.17.9",
				"@esbuild/linux-x64": "0.17.9",
				"@esbuild/netbsd-x64": "0.17.9",
				"@esbuild/openbsd-x64": "0.17.9",
				"@esbuild/sunos-x64": "0.17.9",
				"@esbuild/win32-arm64": "0.17.9",
				"@esbuild/win32-ia32": "0.17.9",
				"@esbuild/win32-x64": "0.17.9"
			}
		},
		"node_modules/fd-slicer": {
			"version": "1.1.0",
			"resolved": "https://registry.npmjs.org/fd-slicer/-/fd-slicer-1.1.0.tgz",
			"integrity": "sha512-cE1qsB/VwyQozZ+q1dGxR8LBYNZeofhEdUNGSMbQD3Gw2lAzX9Zb3uIU6Ebc/Fmyjo9AWWfnn0AUCHqtevs/8g==",
			"dev": true,
			"dependencies": {
				"pend": "~1.2.0"
			}
		},
		"node_modules/get-tsconfig": {
			"version": "4.4.0",
			"resolved": "https://registry.npmjs.org/get-tsconfig/-/get-tsconfig-4.4.0.tgz",
			"integrity": "sha512-0Gdjo/9+FzsYhXCEFueo2aY1z1tpXrxWZzP7k8ul9qt1U5o8rYJwTJYmaeHdrVosYIVYkOy2iwCJ9FdpocJhPQ==",
			"dev": true,
			"funding": {
				"url": "https://github.com/privatenumber/get-tsconfig?sponsor=1"
			}
		},
		"node_modules/https-proxy-agent": {
			"version": "5.0.1",
			"resolved": "https://registry.npmjs.org/https-proxy-agent/-/https-proxy-agent-5.0.1.tgz",
			"integrity": "sha512-dFcAjpTQFgoLMzC2VwU+C/CbS7uRL0lWmxDITmqm7C+7F0Odmj6s9l6alZc6AELXhrnggM2CeWSXHGOdX2YtwA==",
			"dev": true,
			"dependencies": {
				"agent-base": "6",
				"debug": "4"
			},
			"engines": {
				"node": ">= 6"
			}
		},
		"node_modules/lodash.deburr": {
			"version": "4.1.0",
			"resolved": "https://registry.npmjs.org/lodash.deburr/-/lodash.deburr-4.1.0.tgz",
			"integrity": "sha512-m/M1U1f3ddMCs6Hq2tAsYThTBDaAKFDX3dwDo97GEYzamXi9SqUpjWi/Rrj/gf3X2n8ktwgZrlP1z6E3v/IExQ=="
		},
		"node_modules/lzma1": {
			"version": "0.0.1",
			"resolved": "https://registry.npmjs.org/lzma1/-/lzma1-0.0.1.tgz",
			"integrity": "sha512-eStypeQ1BkkH4W+njUH0Dg5dG2b7Tce65bFXfAgQsGU4E7ZJGALj51VrLogOf8+/EPsWmVINQEoOIqwqmYYvcA==",
			"engines": {
				"node": ">=14.16",
				"npm": ">=7.0"
			},
			"funding": {
				"url": "https://github.com/sponsors/xseman"
			}
		},
		"node_modules/ms": {
			"version": "2.1.2",
			"resolved": "https://registry.npmjs.org/ms/-/ms-2.1.2.tgz",
			"integrity": "sha512-sGkPx+VjMtmA6MX27oA4FBFELFCZZ4S4XqeGOXCv68tT+jb3vk/RyaKWP0PTKyWtmLSM0b+adUTEvbs1PEaH2w==",
			"dev": true
		},
		"node_modules/pend": {
			"version": "1.2.0",
			"resolved": "https://registry.npmjs.org/pend/-/pend-1.2.0.tgz",
			"integrity": "sha512-F3asv42UuXchdzt+xXqfW1OGlVBe+mxa2mqI0pg5yAHZPvFmY3Y6drSf/GQ1A86WgWEN9Kzh/WrgKa6iGcHXLg==",
			"dev": true
		},
		"node_modules/rfc4648": {
			"version": "1.5.2",
			"resolved": "https://registry.npmjs.org/rfc4648/-/rfc4648-1.5.2.tgz",
			"integrity": "sha512-tLOizhR6YGovrEBLatX1sdcuhoSCXddw3mqNVAcKxGJ+J0hFeJ+SjeWCv5UPA/WU3YzWPPuCVYgXBKZUPGpKtg=="
		},
		"node_modules/source-map": {
			"version": "0.6.1",
			"resolved": "https://registry.npmjs.org/source-map/-/source-map-0.6.1.tgz",
			"integrity": "sha512-UjgapumWlbMhkBgzT7Ykc5YXUT46F0iKu8SGXq0bcwP5dz/h0Plj6enJqjz1Zbq2l5WaqYnrVbwWOWMyF3F47g==",
			"dev": true,
			"engines": {
				"node": ">=0.10.0"
			}
		},
		"node_modules/source-map-support": {
			"version": "0.5.21",
			"resolved": "https://registry.npmjs.org/source-map-support/-/source-map-support-0.5.21.tgz",
			"integrity": "sha512-uBHU3L3czsIyYXKX88fdrGovxdSCoTGDRZ6SYXtSRxLZUzHg5P/66Ht6uoUlHu9EZod+inXhKo3qQgwXUT/y1w==",
			"dev": true,
			"dependencies": {
				"buffer-from": "^1.0.0",
				"source-map": "^0.6.0"
			}
		},
		"node_modules/tsx": {
			"version": "3.12.3",
			"resolved": "https://registry.npmjs.org/tsx/-/tsx-3.12.3.tgz",
			"integrity": "sha512-Wc5BFH1xccYTXaQob+lEcimkcb/Pq+0en2s+ruiX0VEIC80nV7/0s7XRahx8NnsoCnpCVUPz8wrqVSPi760LkA==",
			"dev": true,
			"dependencies": {
				"@esbuild-kit/cjs-loader": "^2.4.2",
				"@esbuild-kit/core-utils": "^3.0.0",
				"@esbuild-kit/esm-loader": "^2.5.5"
			},
			"bin": {
				"tsx": "dist/cli.js"
			},
			"optionalDependencies": {
				"fsevents": "~2.3.2"
			}
		},
		"node_modules/typescript": {
			"version": "5.0.3",
			"resolved": "https://registry.npmjs.org/typescript/-/typescript-5.0.3.tgz",
			"integrity": "sha512-xv8mOEDnigb/tN9PSMTwSEqAnUvkoXMQlicOb0IUVDBSQCgBSaAAROUZYy2IcUy5qU6XajK5jjjO7TMWqBTKZA==",
			"dev": true,
			"bin": {
				"tsc": "bin/tsc",
				"tsserver": "bin/tsserver"
			},
			"engines": {
				"node": ">=12.20"
			}
		},
		"node_modules/xv": {
			"version": "2.1.1",
			"resolved": "https://registry.npmjs.org/xv/-/xv-2.1.1.tgz",
			"integrity": "sha512-OHT+1/gpxObzil0npzBS+OjlqzcHOAvUa6T2bgfHMv2iBMC33pqesqzEAx3buxMmAAT6XnehfLkL6a3Pi8bdCw==",
			"dev": true,
			"bin": {
				"xv": "lib/bin.js"
			},
			"engines": {
				"node": ">=14.16"
			},
			"funding": {
				"url": "https://github.com/sponsors/typicode"
			}
		},
		"node_modules/yauzl": {
			"version": "2.10.0",
			"resolved": "https://registry.npmjs.org/yauzl/-/yauzl-2.10.0.tgz",
			"integrity": "sha512-p4a9I6X6nu6IhoGmBqAcbJy1mlC4j27vEPZX9F4L4/vZT3Lyq1VkFHw/V/PUcB9Buo+DG3iHkT0x3Qya58zc3g==",
			"dev": true,
			"dependencies": {
				"buffer-crc32": "~0.2.3",
				"fd-slicer": "~1.1.0"
			}
		}
	}
}
