{
	"name": "bysquare",
	"version": "2.12.5",
	"lockfileVersion": 3,
	"requires": true,
	"packages": {
		"": {
			"name": "bysquare",
			"version": "2.12.5",
			"license": "Apache-2.0",
			"dependencies": {
				"lzma1": "0.1.2",
				"validator": "^13.12.0"
			},
			"bin": {
				"bysquare": "lib/cli.js"
			},
			"devDependencies": {
				"@types/bun": "^1.2.19",
				"@types/node": "^24.1.0",
				"@types/validator": "^13.15.2",
				"dprint": "~0.50.0",
				"typescript": "~5.8.3"
			},
			"funding": {
				"url": "https://github.com/sponsors/xseman"
			}
		},
		"node_modules/@dprint/darwin-arm64": {
			"version": "0.50.1",
			"resolved": "https://registry.npmjs.org/@dprint/darwin-arm64/-/darwin-arm64-0.50.1.tgz",
			"integrity": "sha512-NNKf3dxXn567pd/hpCVLHLbC0dI7s3YvQnUEwjRTOAQVMp6O7/ME+Tg1RPGsDP1IB+Y2fIYSM4qmG02zQrqjAQ==",
			"cpu": [
				"arm64"
			],
			"dev": true,
			"license": "MIT",
			"optional": true,
			"os": [
				"darwin"
			]
		},
		"node_modules/@dprint/darwin-x64": {
			"version": "0.50.1",
			"resolved": "https://registry.npmjs.org/@dprint/darwin-x64/-/darwin-x64-0.50.1.tgz",
			"integrity": "sha512-PcY75U3UC/0CLOxWzE0zZJZ2PxzUM5AX2baYL1ovgDGCfqO1H0hINiyxfx/8ncGgPojWBkLs+zrcFiGnXx7BQg==",
			"cpu": [
				"x64"
			],
			"dev": true,
			"license": "MIT",
			"optional": true,
			"os": [
				"darwin"
			]
		},
		"node_modules/@dprint/linux-arm64-glibc": {
			"version": "0.50.1",
			"resolved": "https://registry.npmjs.org/@dprint/linux-arm64-glibc/-/linux-arm64-glibc-0.50.1.tgz",
			"integrity": "sha512-q0TOGy9FsoSKsEQ4sIMKyFweF5M8rW1S5OfwJDNRR2TU2riWByU9TKYIZUzg53iuwYKRypr/kJ5kdbl516afRQ==",
			"cpu": [
				"arm64"
			],
			"dev": true,
			"license": "MIT",
			"optional": true,
			"os": [
				"linux"
			]
		},
		"node_modules/@dprint/linux-arm64-musl": {
			"version": "0.50.1",
			"resolved": "https://registry.npmjs.org/@dprint/linux-arm64-musl/-/linux-arm64-musl-0.50.1.tgz",
			"integrity": "sha512-XRtxN2cA9rc06WFzzVPDIZYGGLmUXqpVf3F0XhhHV77ikQLJZ5reF4xBOQ+0HjJ/zy8W/HzuGDAHedWyCrRf9g==",
			"cpu": [
				"arm64"
			],
			"dev": true,
			"license": "MIT",
			"optional": true,
			"os": [
				"linux"
			]
		},
		"node_modules/@dprint/linux-riscv64-glibc": {
			"version": "0.50.1",
			"resolved": "https://registry.npmjs.org/@dprint/linux-riscv64-glibc/-/linux-riscv64-glibc-0.50.1.tgz",
			"integrity": "sha512-vAk/eYhSjA3LJ/yuYgxkHamiK8+m6YdqVBO/Ka+i16VxyjQyOdcMKBkrLCIqSxgyXd6b8raf9wM59HJbaIpoOg==",
			"cpu": [
				"riscv64"
			],
			"dev": true,
			"license": "MIT",
			"optional": true,
			"os": [
				"linux"
			]
		},
		"node_modules/@dprint/linux-x64-glibc": {
			"version": "0.50.1",
			"resolved": "https://registry.npmjs.org/@dprint/linux-x64-glibc/-/linux-x64-glibc-0.50.1.tgz",
			"integrity": "sha512-EpW5KLekaq4hXmKBWWtfBgZ244S4C+vFmMOd1YaGi8+f0hmPTJzVWLdIgpO2ZwfPQ5iycaVI/JS514PQmXPOvg==",
			"cpu": [
				"x64"
			],
			"dev": true,
			"license": "MIT",
			"optional": true,
			"os": [
				"linux"
			]
		},
		"node_modules/@dprint/linux-x64-musl": {
			"version": "0.50.1",
			"resolved": "https://registry.npmjs.org/@dprint/linux-x64-musl/-/linux-x64-musl-0.50.1.tgz",
			"integrity": "sha512-assISBbaKKL8LkjrIy/5tpE157MVW6HbyIKAjTtg3tPNM3lDn1oH3twuGtK9WBsN/VoEP3QMZVauolcUJT/VOg==",
			"cpu": [
				"x64"
			],
			"dev": true,
			"license": "MIT",
			"optional": true,
			"os": [
				"linux"
			]
		},
		"node_modules/@dprint/win32-arm64": {
			"version": "0.50.1",
			"resolved": "https://registry.npmjs.org/@dprint/win32-arm64/-/win32-arm64-0.50.1.tgz",
			"integrity": "sha512-ZeaRMQYoFjrsO3lvI1SqzDWDGH1GGXWmNSeXvcFuAf2OgYQJWMBlLotCKiHNJ3uyYneoyhTg2tv9QkApNkZV4Q==",
			"cpu": [
				"arm64"
			],
			"dev": true,
			"license": "MIT",
			"optional": true,
			"os": [
				"win32"
			]
		},
		"node_modules/@dprint/win32-x64": {
			"version": "0.50.1",
			"resolved": "https://registry.npmjs.org/@dprint/win32-x64/-/win32-x64-0.50.1.tgz",
			"integrity": "sha512-pMm8l/hRZ9zYylKw/yCaYkSV3btYB9UyMDbWqyxNthkQ1gckWrk17VTI6WjwwQuHD4Iaz5JgAYLS36hlUzWkxA==",
			"cpu": [
				"x64"
			],
			"dev": true,
			"license": "MIT",
			"optional": true,
			"os": [
				"win32"
			]
		},
		"node_modules/@types/bun": {
			"version": "1.2.19",
			"resolved": "https://registry.npmjs.org/@types/bun/-/bun-1.2.19.tgz",
			"integrity": "sha512-d9ZCmrH3CJ2uYKXQIUuZ/pUnTqIvLDS0SK7pFmbx8ma+ziH/FRMoAq5bYpRG7y+w1gl+HgyNZbtqgMq4W4e2Lg==",
			"dev": true,
			"license": "MIT",
			"dependencies": {
				"bun-types": "1.2.19"
			}
		},
		"node_modules/@types/node": {
			"version": "24.1.0",
			"resolved": "https://registry.npmjs.org/@types/node/-/node-24.1.0.tgz",
			"integrity": "sha512-ut5FthK5moxFKH2T1CUOC6ctR67rQRvvHdFLCD2Ql6KXmMuCrjsSsRI9UsLCm9M18BMwClv4pn327UvB7eeO1w==",
			"dev": true,
			"license": "MIT",
			"dependencies": {
				"undici-types": "~7.8.0"
			}
		},
		"node_modules/@types/react": {
			"version": "19.1.8",
			"resolved": "https://registry.npmjs.org/@types/react/-/react-19.1.8.tgz",
			"integrity": "sha512-AwAfQ2Wa5bCx9WP8nZL2uMZWod7J7/JSplxbTmBQ5ms6QpqNYm672H0Vu9ZVKVngQ+ii4R/byguVEUZQyeg44g==",
			"dev": true,
			"license": "MIT",
			"peer": true,
			"dependencies": {
				"csstype": "^3.0.2"
			}
		},
		"node_modules/@types/validator": {
			"version": "13.15.2",
			"resolved": "https://registry.npmjs.org/@types/validator/-/validator-13.15.2.tgz",
			"integrity": "sha512-y7pa/oEJJ4iGYBxOpfAKn5b9+xuihvzDVnC/OSvlVnGxVg0pOqmjiMafiJ1KVNQEaPZf9HsEp5icEwGg8uIe5Q==",
			"dev": true,
			"license": "MIT"
		},
		"node_modules/bun-types": {
			"version": "1.2.19",
			"resolved": "https://registry.npmjs.org/bun-types/-/bun-types-1.2.19.tgz",
			"integrity": "sha512-uAOTaZSPuYsWIXRpj7o56Let0g/wjihKCkeRqUBhlLVM/Bt+Fj9xTo+LhC1OV1XDaGkz4hNC80et5xgy+9KTHQ==",
			"dev": true,
			"license": "MIT",
			"dependencies": {
				"@types/node": "*"
			},
			"peerDependencies": {
				"@types/react": "^19"
			}
		},
		"node_modules/csstype": {
			"version": "3.1.3",
			"resolved": "https://registry.npmjs.org/csstype/-/csstype-3.1.3.tgz",
			"integrity": "sha512-M1uQkMl8rQK/szD0LNhtqxIPLpimGm8sOBwU7lLnCpSbTyY3yeU1Vc7l4KT5zT4s/yOxHH5O7tIuuLOCnLADRw==",
			"dev": true,
			"license": "MIT",
			"peer": true
		},
		"node_modules/dprint": {
			"version": "0.50.1",
			"resolved": "https://registry.npmjs.org/dprint/-/dprint-0.50.1.tgz",
			"integrity": "sha512-s+kUyQp2rGpwsM3vVmXySOY3v1NjYyRpKfQZdP4rfNTz6zQuICSO6nqIXNm3YdK1MwNFR/EXSFMuE1YPuulhow==",
			"dev": true,
			"hasInstallScript": true,
			"license": "MIT",
			"bin": {
				"dprint": "bin.js"
			},
			"optionalDependencies": {
				"@dprint/darwin-arm64": "0.50.1",
				"@dprint/darwin-x64": "0.50.1",
				"@dprint/linux-arm64-glibc": "0.50.1",
				"@dprint/linux-arm64-musl": "0.50.1",
				"@dprint/linux-riscv64-glibc": "0.50.1",
				"@dprint/linux-x64-glibc": "0.50.1",
				"@dprint/linux-x64-musl": "0.50.1",
				"@dprint/win32-arm64": "0.50.1",
				"@dprint/win32-x64": "0.50.1"
			}
		},
		"node_modules/lzma1": {
			"version": "0.1.2",
			"resolved": "https://registry.npmjs.org/lzma1/-/lzma1-0.1.2.tgz",
			"integrity": "sha512-IR/6Css3rcNB5rw/Syh9VAxHueYc4YyixG5NeQhpyeG7KnZ30oRipgnJppT0jsyzjzUdCBz8h7fT2z5DOc7drA==",
			"license": "MIT",
			"funding": {
				"url": "https://github.com/sponsors/xseman"
			}
		},
		"node_modules/typescript": {
			"version": "5.8.3",
			"resolved": "https://registry.npmjs.org/typescript/-/typescript-5.8.3.tgz",
			"integrity": "sha512-p1diW6TqL9L07nNxvRMM7hMMw4c5XOo/1ibL4aAIGmSAt9slTE1Xgw5KWuof2uTOvCg9BY7ZRi+GaF+7sfgPeQ==",
			"dev": true,
			"license": "Apache-2.0",
			"bin": {
				"tsc": "bin/tsc",
				"tsserver": "bin/tsserver"
			},
			"engines": {
				"node": ">=14.17"
			}
		},
		"node_modules/undici-types": {
			"version": "7.8.0",
			"resolved": "https://registry.npmjs.org/undici-types/-/undici-types-7.8.0.tgz",
			"integrity": "sha512-9UJ2xGDvQ43tYyVMpuHlsgApydB8ZKfVYTsLDhXkFL/6gfkp+U8xTGdh8pMJv1SpZna0zxG1DwsKZsreLbXBxw==",
			"dev": true,
			"license": "MIT"
		},
		"node_modules/validator": {
			"version": "13.12.0",
			"resolved": "https://registry.npmjs.org/validator/-/validator-13.12.0.tgz",
			"integrity": "sha512-c1Q0mCiPlgdTVVVIJIrBuxNicYE+t/7oKeI9MWLj3fh/uq2Pxh/3eeWbVZ4OcGW1TUf53At0njHw5SMdA3tmMg==",
			"engines": {
				"node": ">= 0.10"
			}
		}
	}
}
