{
	"name": "bysquare",
	"version": "2.7.1",
	"lockfileVersion": 3,
	"requires": true,
	"packages": {
		"": {
			"name": "bysquare",
			"version": "2.7.1",
			"license": "Apache-2.0",
			"dependencies": {
				"crc-32": "~1.2.0",
				"lodash.deburr": "~4.1.0",
				"lzma1": "0.0.2",
				"rfc4648": "~1.5.0"
			},
			"bin": {
				"bysquare": "dist/cli.js"
			},
			"devDependencies": {
				"@types/lodash.deburr": "~4.1.0",
				"@types/node": ">=16.14",
				"dprint": "~0.41.0",
				"tsx": "~3.12.0",
				"typescript": "~5.0.0"
			},
			"engines": {
				"node": ">=16",
				"npm": ">=7"
			},
			"funding": {
				"url": "https://github.com/sponsors/xseman"
			}
		},
		"node_modules/@dprint/darwin-arm64": {
			"version": "0.41.0",
			"resolved": "https://registry.npmjs.org/@dprint/darwin-arm64/-/darwin-arm64-0.41.0.tgz",
			"integrity": "sha512-P9PtcQI0mrI4U6yyd+/iI664BHSqC9KTS6ogq0ptEdnLtlaWzf09D1nv6FBaHiG9m3conuBRlPsoUqt3j6PZ2w==",
			"cpu": [
				"arm64"
			],
			"dev": true,
			"optional": true,
			"os": [
				"darwin"
			]
		},
		"node_modules/@dprint/darwin-x64": {
			"version": "0.41.0",
			"resolved": "https://registry.npmjs.org/@dprint/darwin-x64/-/darwin-x64-0.41.0.tgz",
			"integrity": "sha512-mSYnSoH0uyCkjgIWTny2DZAcaiRTe3kRWY5SeZECLGO37e+SdVg+ZjSzndhOvvEb9pv8EeBO1NJ9gHOSceT5Xw==",
			"cpu": [
				"x64"
			],
			"dev": true,
			"optional": true,
			"os": [
				"darwin"
			]
		},
		"node_modules/@dprint/linux-arm64-glibc": {
			"version": "0.41.0",
			"resolved": "https://registry.npmjs.org/@dprint/linux-arm64-glibc/-/linux-arm64-glibc-0.41.0.tgz",
			"integrity": "sha512-U4xWzjjO/aAct8cSSMZFhg8l1jWy6VahXh8zWjGBufwX7t3xEcxMG9RyAp/ioYSY6wl4YXAmnUHywhC+wSjDHQ==",
			"cpu": [
				"arm64"
			],
			"dev": true,
			"optional": true,
			"os": [
				"linux"
			]
		},
		"node_modules/@dprint/linux-x64-glibc": {
			"version": "0.41.0",
			"resolved": "https://registry.npmjs.org/@dprint/linux-x64-glibc/-/linux-x64-glibc-0.41.0.tgz",
			"integrity": "sha512-wjv5l4mGns7E8i32E8FfAk45tw5O7v4NM17gtvhe6ggOiOD6quHowOH00pLfEakMLMF9y0J5ZO2hxJ/w06bXmQ==",
			"cpu": [
				"x64"
			],
			"dev": true,
			"optional": true,
			"os": [
				"linux"
			]
		},
		"node_modules/@dprint/linux-x64-musl": {
			"version": "0.41.0",
			"resolved": "https://registry.npmjs.org/@dprint/linux-x64-musl/-/linux-x64-musl-0.41.0.tgz",
			"integrity": "sha512-ZZOqiur9Xi/2uhz0Ce215VTSajAlSrduX/5k/hpIjI7Rgz22Vn77p5fmYxzWkTt/Li1zq5zboTvmGYx0QVNMrQ==",
			"cpu": [
				"x64"
			],
			"dev": true,
			"optional": true,
			"os": [
				"linux"
			]
		},
		"node_modules/@dprint/win32-x64": {
			"version": "0.41.0",
			"resolved": "https://registry.npmjs.org/@dprint/win32-x64/-/win32-x64-0.41.0.tgz",
			"integrity": "sha512-mFx6x4Hn848/D4gPbDm7g1wlnOh2SGoVF9c9HMGCuOobUU2WIBztzV4L5qlFCB3gprlS0ru9BhlMpGhrp0CBYA==",
			"cpu": [
				"x64"
			],
			"dev": true,
			"optional": true,
			"os": [
				"win32"
			]
		},
		"node_modules/@esbuild-kit/cjs-loader": {
			"version": "2.4.2",
			"resolved": "https://registry.npmjs.org/@esbuild-kit/cjs-loader/-/cjs-loader-2.4.2.tgz",
			"integrity": "sha512-BDXFbYOJzT/NBEtp71cvsrGPwGAMGRB/349rwKuoxNSiKjPraNNnlK6MIIabViCjqZugu6j+xeMDlEkWdHHJSg==",
			"dev": true,
			"dependencies": {
				"@esbuild-kit/core-utils": "^3.0.0",
				"get-tsconfig": "^4.4.0"
			}
		},
		"node_modules/@esbuild-kit/core-utils": {
			"version": "3.1.0",
			"resolved": "https://registry.npmjs.org/@esbuild-kit/core-utils/-/core-utils-3.1.0.tgz",
			"integrity": "sha512-Uuk8RpCg/7fdHSceR1M6XbSZFSuMrxcePFuGgyvsBn+u339dk5OeL4jv2EojwTN2st/unJGsVm4qHWjWNmJ/tw==",
			"dev": true,
			"dependencies": {
				"esbuild": "~0.17.6",
				"source-map-support": "^0.5.21"
			}
		},
		"node_modules/@esbuild-kit/esm-loader": {
			"version": "2.5.5",
			"resolved": "https://registry.npmjs.org/@esbuild-kit/esm-loader/-/esm-loader-2.5.5.tgz",
			"integrity": "sha512-Qwfvj/qoPbClxCRNuac1Du01r9gvNOT+pMYtJDapfB1eoGN1YlJ1BixLyL9WVENRx5RXgNLdfYdx/CuswlGhMw==",
			"dev": true,
			"dependencies": {
				"@esbuild-kit/core-utils": "^3.0.0",
				"get-tsconfig": "^4.4.0"
			}
		},
		"node_modules/@esbuild/linux-x64": {
			"version": "0.17.9",
			"resolved": "https://registry.npmjs.org/@esbuild/linux-x64/-/linux-x64-0.17.9.tgz",
			"integrity": "sha512-jVa5NKqwBmq57aNDZOSnNuRTV5GrI93HdjTlyQyRrOs7OSEQq2r9NyaGd6KmzuxLz19XTanFt4WeGoLnjFT1Ug==",
			"cpu": [
				"x64"
			],
			"dev": true,
			"optional": true,
			"os": [
				"linux"
			],
			"engines": {
				"node": ">=12"
			}
		},
		"node_modules/@types/lodash": {
			"version": "4.14.191",
			"resolved": "https://registry.npmjs.org/@types/lodash/-/lodash-4.14.191.tgz",
			"integrity": "sha512-BdZ5BCCvho3EIXw6wUCXHe7rS53AIDPLE+JzwgT+OsJk53oBfbSmZZ7CX4VaRoN78N+TJpFi9QPlfIVNmJYWxQ==",
			"dev": true
		},
		"node_modules/@types/lodash.deburr": {
			"version": "4.1.7",
			"resolved": "https://registry.npmjs.org/@types/lodash.deburr/-/lodash.deburr-4.1.7.tgz",
			"integrity": "sha512-mEhqJ5z6W8eP1oAfPho8UKcycutVuWjMfRguktDLTk+9mn+bSdbN4uPfUtUbRNnxjGsYmRwwPThTtkwvnuU+Fg==",
			"dev": true,
			"dependencies": {
				"@types/lodash": "*"
			}
		},
		"node_modules/@types/node": {
			"version": "20.0.0",
			"resolved": "https://registry.npmjs.org/@types/node/-/node-20.0.0.tgz",
			"integrity": "sha512-cD2uPTDnQQCVpmRefonO98/PPijuOnnEy5oytWJFPY1N9aJCz2wJ5kSGWO+zJoed2cY2JxQh6yBuUq4vIn61hw==",
			"dev": true
		},
		"node_modules/buffer-from": {
			"version": "1.1.2",
			"resolved": "https://registry.npmjs.org/buffer-from/-/buffer-from-1.1.2.tgz",
			"integrity": "sha512-E+XQCRwSbaaiChtv6k6Dwgc+bx+Bs6vuKJHHl5kox/BaKbhiXzqQOwK4cO22yElGp2OCmjwVhT3HmxgyPGnJfQ==",
			"dev": true
		},
		"node_modules/crc-32": {
			"version": "1.2.2",
			"resolved": "https://registry.npmjs.org/crc-32/-/crc-32-1.2.2.tgz",
			"integrity": "sha512-ROmzCKrTnOwybPcJApAA6WBWij23HVfGVNKqqrZpuyZOHqK2CwHSvpGuyt/UNNvaIjEd8X5IFGp4Mh+Ie1IHJQ==",
			"bin": {
				"crc32": "bin/crc32.njs"
			},
			"engines": {
				"node": ">=0.8"
			}
		},
		"node_modules/dprint": {
			"version": "0.41.0",
			"resolved": "https://registry.npmjs.org/dprint/-/dprint-0.41.0.tgz",
			"integrity": "sha512-9Ctv6EnwOy5Ai566DczI/QhAC6y+AhWDA2gFU8Zz4xezUy1BevHaIYhfdLWZQxh4Qf4H28lRu1Lq+hhIm1US9w==",
			"dev": true,
			"hasInstallScript": true,
			"bin": {
				"dprint": "bin.js"
			},
			"optionalDependencies": {
				"@dprint/darwin-arm64": "0.41.0",
				"@dprint/darwin-x64": "0.41.0",
				"@dprint/linux-arm64-glibc": "0.41.0",
				"@dprint/linux-x64-glibc": "0.41.0",
				"@dprint/linux-x64-musl": "0.41.0",
				"@dprint/win32-x64": "0.41.0"
			}
		},
		"node_modules/esbuild": {
			"version": "0.17.9",
			"resolved": "https://registry.npmjs.org/esbuild/-/esbuild-0.17.9.tgz",
			"integrity": "sha512-m3b2MR76QkwKPw/KQBlBJVaIncfQhhXsDMCFPoyqEOIziV+O7BAKqOYT1NbHsnFUX0/98CLWxUfM5stzh4yq4Q==",
			"dev": true,
			"hasInstallScript": true,
			"bin": {
				"esbuild": "bin/esbuild"
			},
			"engines": {
				"node": ">=12"
			},
			"optionalDependencies": {
				"@esbuild/android-arm": "0.17.9",
				"@esbuild/android-arm64": "0.17.9",
				"@esbuild/android-x64": "0.17.9",
				"@esbuild/darwin-arm64": "0.17.9",
				"@esbuild/darwin-x64": "0.17.9",
				"@esbuild/freebsd-arm64": "0.17.9",
				"@esbuild/freebsd-x64": "0.17.9",
				"@esbuild/linux-arm": "0.17.9",
				"@esbuild/linux-arm64": "0.17.9",
				"@esbuild/linux-ia32": "0.17.9",
				"@esbuild/linux-loong64": "0.17.9",
				"@esbuild/linux-mips64el": "0.17.9",
				"@esbuild/linux-ppc64": "0.17.9",
				"@esbuild/linux-riscv64": "0.17.9",
				"@esbuild/linux-s390x": "0.17.9",
				"@esbuild/linux-x64": "0.17.9",
				"@esbuild/netbsd-x64": "0.17.9",
				"@esbuild/openbsd-x64": "0.17.9",
				"@esbuild/sunos-x64": "0.17.9",
				"@esbuild/win32-arm64": "0.17.9",
				"@esbuild/win32-ia32": "0.17.9",
				"@esbuild/win32-x64": "0.17.9"
			}
		},
		"node_modules/get-tsconfig": {
			"version": "4.4.0",
			"resolved": "https://registry.npmjs.org/get-tsconfig/-/get-tsconfig-4.4.0.tgz",
			"integrity": "sha512-0Gdjo/9+FzsYhXCEFueo2aY1z1tpXrxWZzP7k8ul9qt1U5o8rYJwTJYmaeHdrVosYIVYkOy2iwCJ9FdpocJhPQ==",
			"dev": true,
			"funding": {
				"url": "https://github.com/privatenumber/get-tsconfig?sponsor=1"
			}
		},
		"node_modules/lodash.deburr": {
			"version": "4.1.0",
			"resolved": "https://registry.npmjs.org/lodash.deburr/-/lodash.deburr-4.1.0.tgz",
			"integrity": "sha512-m/M1U1f3ddMCs6Hq2tAsYThTBDaAKFDX3dwDo97GEYzamXi9SqUpjWi/Rrj/gf3X2n8ktwgZrlP1z6E3v/IExQ=="
		},
		"node_modules/lzma1": {
			"version": "0.0.2",
			"resolved": "https://registry.npmjs.org/lzma1/-/lzma1-0.0.2.tgz",
			"integrity": "sha512-2l36vnCaTYcCVhIY26eK3npa0ZbtW0B58AhAEyvrAse1UqAVWgvBJeiAhp0pKdnoD7mNic5SctEvgbUZuki7nA==",
			"engines": {
				"node": ">=14.16",
				"npm": ">=7.0"
			},
			"funding": {
				"url": "https://github.com/sponsors/xseman"
			}
		},
		"node_modules/rfc4648": {
			"version": "1.5.2",
			"resolved": "https://registry.npmjs.org/rfc4648/-/rfc4648-1.5.2.tgz",
			"integrity": "sha512-tLOizhR6YGovrEBLatX1sdcuhoSCXddw3mqNVAcKxGJ+J0hFeJ+SjeWCv5UPA/WU3YzWPPuCVYgXBKZUPGpKtg=="
		},
		"node_modules/source-map": {
			"version": "0.6.1",
			"resolved": "https://registry.npmjs.org/source-map/-/source-map-0.6.1.tgz",
			"integrity": "sha512-UjgapumWlbMhkBgzT7Ykc5YXUT46F0iKu8SGXq0bcwP5dz/h0Plj6enJqjz1Zbq2l5WaqYnrVbwWOWMyF3F47g==",
			"dev": true,
			"engines": {
				"node": ">=0.10.0"
			}
		},
		"node_modules/source-map-support": {
			"version": "0.5.21",
			"resolved": "https://registry.npmjs.org/source-map-support/-/source-map-support-0.5.21.tgz",
			"integrity": "sha512-uBHU3L3czsIyYXKX88fdrGovxdSCoTGDRZ6SYXtSRxLZUzHg5P/66Ht6uoUlHu9EZod+inXhKo3qQgwXUT/y1w==",
			"dev": true,
			"dependencies": {
				"buffer-from": "^1.0.0",
				"source-map": "^0.6.0"
			}
		},
		"node_modules/tsx": {
			"version": "3.12.3",
			"resolved": "https://registry.npmjs.org/tsx/-/tsx-3.12.3.tgz",
			"integrity": "sha512-Wc5BFH1xccYTXaQob+lEcimkcb/Pq+0en2s+ruiX0VEIC80nV7/0s7XRahx8NnsoCnpCVUPz8wrqVSPi760LkA==",
			"dev": true,
			"dependencies": {
				"@esbuild-kit/cjs-loader": "^2.4.2",
				"@esbuild-kit/core-utils": "^3.0.0",
				"@esbuild-kit/esm-loader": "^2.5.5"
			},
			"bin": {
				"tsx": "dist/cli.js"
			},
			"optionalDependencies": {
				"fsevents": "~2.3.2"
			}
		},
		"node_modules/typescript": {
			"version": "5.0.3",
			"resolved": "https://registry.npmjs.org/typescript/-/typescript-5.0.3.tgz",
			"integrity": "sha512-xv8mOEDnigb/tN9PSMTwSEqAnUvkoXMQlicOb0IUVDBSQCgBSaAAROUZYy2IcUy5qU6XajK5jjjO7TMWqBTKZA==",
			"dev": true,
			"bin": {
				"tsc": "bin/tsc",
				"tsserver": "bin/tsserver"
			},
			"engines": {
				"node": ">=12.20"
			}
		}
	}
}
