{
  "version": "2",
  "remote": {},
  "npm": {
    "specifiers": {
      "bysquare": "bysquare@2.1.0",
      "bysquare@2.1.0": "bysquare@2.1.0"
    },
    "packages": {
      "bysquare@2.1.0": {
        "integrity": "sha512-L6gc3mIxHquBe7mRmDZ6oZcjI7r3BcQqdjxjeqIbm++Tw953pUdBXPXudxHKVv8GbB1WOOqZA/mcuUZVHHaMOA==",
        "dependencies": {
          "crc-32": "crc-32@1.2.2",
          "lodash.deburr": "lodash.deburr@4.1.0",
          "lzma": "lzma@2.3.2",
          "rfc4648": "rfc4648@1.5.2"
        }
      },
      "crc-32@1.2.2": {
        "integrity": "sha512-ROmzCKrTnOwybPcJApAA6WBWij23HVfGVNKqqrZpuyZOHqK2CwHSvpGuyt/UNNvaIjEd8X5IFGp4Mh+Ie1IHJQ==",
        "dependencies": {}
      },
      "lodash.deburr@4.1.0": {
        "integrity": "sha512-m/M1U1f3ddMCs6Hq2tAsYThTBDaAKFDX3dwDo97GEYzamXi9SqUpjWi/Rrj/gf3X2n8ktwgZrlP1z6E3v/IExQ==",
        "dependencies": {}
      },
      "lzma@2.3.2": {
        "integrity": "sha512-DcfiawQ1avYbW+hsILhF38IKAlnguc/fjHrychs9hdxe4qLykvhT5VTGNs5YRWgaNePh7NTxGD4uv4gKsRomCQ==",
        "dependencies": {}
      },
      "rfc4648@1.5.2": {
        "integrity": "sha512-tLOizhR6YGovrEBLatX1sdcuhoSCXddw3mqNVAcKxGJ+J0hFeJ+SjeWCv5UPA/WU3YzWPPuCVYgXBKZUPGpKtg==",
        "dependencies": {}
      }
    }
  }
}
